
Microsoft Visual Studio Solution File, Format Version 12.00
# Visual Studio 14
VisualStudioVersion = 14.0.25420.1
MinimumVisualStudioVersion = 10.0.40219.1
Project("{FAE04EC0-301F-11D3-BF4B-00C04F79EFBC}") = "PuzzleBot.Control", "PuzzleBot.Control\PuzzleBot.Control.csproj", "{D9FFBB11-1047-4B43-9685-B0BA88A9EFF9}"
	ProjectSection(ProjectDependencies) = postProject
		{13CB3D2A-A6CE-4CF2-8FDE-2EA00E9B8E70} = {13CB3D2A-A6CE-4CF2-8FDE-2EA00E9B8E70}
	EndProjectSection
EndProject
Project("{8BC9CEB8-8B4A-11D0-8D11-00A0C91BC942}") = "PuzzleBot.OpenCVInterop", "PuzzleBot.OpenCVInterop\PuzzleBot.OpenCVInterop.vcxproj", "{13CB3D2A-A6CE-4CF2-8FDE-2EA00E9B8E70}"
EndProject
Project("{FAE04EC0-301F-11D3-BF4B-00C04F79EFBC}") = "PuzzleBot.Console", "PuzzleBot.Console\PuzzleBot.Console.csproj", "{79938109-7608-4F60-9E32-67B89E86D617}"
EndProject
Global
	GlobalSection(SolutionConfigurationPlatforms) = preSolution
		Debug|Any CPU = Debug|Any CPU
		Debug|x64 = Debug|x64
		Release|Any CPU = Release|Any CPU
		Release|x64 = Release|x64
	EndGlobalSection
	GlobalSection(ProjectConfigurationPlatforms) = postSolution
		{D9FFBB11-1047-4B43-9685-B0BA88A9EFF9}.Debug|Any CPU.ActiveCfg = Debug|x64
		{D9FFBB11-1047-4B43-9685-B0BA88A9EFF9}.Debug|x64.ActiveCfg = Debug|x64
		{D9FFBB11-1047-4B43-9685-B0BA88A9EFF9}.Debug|x64.Build.0 = Debug|x64
		{D9FFBB11-1047-4B43-9685-B0BA88A9EFF9}.Release|Any CPU.ActiveCfg = Release|x64
		{D9FFBB11-1047-4B43-9685-B0BA88A9EFF9}.Release|x64.ActiveCfg = Release|x64
		{D9FFBB11-1047-4B43-9685-B0BA88A9EFF9}.Release|x64.Build.0 = Release|x64
		{13CB3D2A-A6CE-4CF2-8FDE-2EA00E9B8E70}.Debug|Any CPU.ActiveCfg = Debug|x64
		{13CB3D2A-A6CE-4CF2-8FDE-2EA00E9B8E70}.Debug|x64.ActiveCfg = Debug|x64
		{13CB3D2A-A6CE-4CF2-8FDE-2EA00E9B8E70}.Debug|x64.Build.0 = Debug|x64
		{13CB3D2A-A6CE-4CF2-8FDE-2EA00E9B8E70}.Release|Any CPU.ActiveCfg = Release|x64
		{13CB3D2A-A6CE-4CF2-8FDE-2EA00E9B8E70}.Release|x64.ActiveCfg = Release|x64
		{13CB3D2A-A6CE-4CF2-8FDE-2EA00E9B8E70}.Release|x64.Build.0 = Release|x64
		{79938109-7608-4F60-9E32-67B89E86D617}.Debug|Any CPU.ActiveCfg = Debug|x64
		{79938109-7608-4F60-9E32-67B89E86D617}.Debug|x64.ActiveCfg = Debug|x64
		{79938109-7608-4F60-9E32-67B89E86D617}.Debug|x64.Build.0 = Debug|x64
		{79938109-7608-4F60-9E32-67B89E86D617}.Release|Any CPU.ActiveCfg = Release|x64
		{79938109-7608-4F60-9E32-67B89E86D617}.Release|x64.ActiveCfg = Release|x64
		{79938109-7608-4F60-9E32-67B89E86D617}.Release|x64.Build.0 = Release|x64
	EndGlobalSection
	GlobalSection(SolutionProperties) = preSolution
		HideSolutionNode = FALSE
	EndGlobalSection
EndGlobal
