
Microsoft Visual Studio Solution File, Format Version 12.00
# Visual Studio 14
VisualStudioVersion = 14.0.25420.1
MinimumVisualStudioVersion = 10.0.40219.1
Project("{FAE04EC0-301F-11D3-BF4B-00C04F79EFBC}") = "PuzzleBot.Control", "PuzzleBot.Control\PuzzleBot.Control.csproj", "{D9FFBB11-1047-4B43-9685-B0BA88A9EFF9}"
EndProject
Project("{FAE04EC0-301F-11D3-BF4B-00C04F79EFBC}") = "PuzzleBot.Gui", "PuzzleBot.Gui\PuzzleBot.Gui.csproj", "{25CD7BCD-C229-4281-AE56-65D6F4A2A322}"
EndProject
Global
	GlobalSection(SolutionConfigurationPlatforms) = preSolution
		Debug|Any CPU = Debug|Any CPU
		Release|Any CPU = Release|Any CPU
	EndGlobalSection
	GlobalSection(ProjectConfigurationPlatforms) = postSolution
		{D9FFBB11-1047-4B43-9685-B0BA88A9EFF9}.Debug|Any CPU.ActiveCfg = Debug|Any CPU
		{D9FFBB11-1047-4B43-9685-B0BA88A9EFF9}.Debug|Any CPU.Build.0 = Debug|Any CPU
		{D9FFBB11-1047-4B43-9685-B0BA88A9EFF9}.Release|Any CPU.ActiveCfg = Release|Any CPU
		{D9FFBB11-1047-4B43-9685-B0BA88A9EFF9}.Release|Any CPU.Build.0 = Release|Any CPU
		{25CD7BCD-C229-4281-AE56-65D6F4A2A322}.Debug|Any CPU.ActiveCfg = Debug|Any CPU
		{25CD7BCD-C229-4281-AE56-65D6F4A2A322}.Debug|Any CPU.Build.0 = Debug|Any CPU
		{25CD7BCD-C229-4281-AE56-65D6F4A2A322}.Release|Any CPU.ActiveCfg = Release|Any CPU
		{25CD7BCD-C229-4281-AE56-65D6F4A2A322}.Release|Any CPU.Build.0 = Release|Any CPU
	EndGlobalSection
	GlobalSection(SolutionProperties) = preSolution
		HideSolutionNode = FALSE
	EndGlobalSection
EndGlobal
